
Microsoft Visual Studio Solution File, Format Version 12.00
# Visual Studio Version 17
VisualStudioVersion = 17.1.32210.238
MinimumVisualStudioVersion = 10.0.40219.1
Project("{FAE04EC0-301F-11D3-BF4B-00C04F79EFBC}") = "CelsiusFahrenheit(SicaklikDonusturme)", "CelsiusFahrenheit(SicaklikDonusturme).csproj", "{BA350DCC-CF41-48C6-B1B8-B847044B9CDB}"
EndProject
Project("{FAE04EC0-301F-11D3-BF4B-00C04F79EFBC}") = "KelimeSayici", "..\KelimeSayici\KelimeSayici.csproj", "{0E3D535E-6380-406C-AAC3-074C1386B575}"
EndProject
Global
	GlobalSection(SolutionConfigurationPlatforms) = preSolution
		Debug|Any CPU = Debug|Any CPU
		Release|Any CPU = Release|Any CPU
	EndGlobalSection
	GlobalSection(ProjectConfigurationPlatforms) = postSolution
		{BA350DCC-CF41-48C6-B1B8-B847044B9CDB}.Debug|Any CPU.ActiveCfg = Debug|Any CPU
		{BA350DCC-CF41-48C6-B1B8-B847044B9CDB}.Debug|Any CPU.Build.0 = Debug|Any CPU
		{BA350DCC-CF41-48C6-B1B8-B847044B9CDB}.Release|Any CPU.ActiveCfg = Release|Any CPU
		{BA350DCC-CF41-48C6-B1B8-B847044B9CDB}.Release|Any CPU.Build.0 = Release|Any CPU
		{0E3D535E-6380-406C-AAC3-074C1386B575}.Debug|Any CPU.ActiveCfg = Debug|Any CPU
		{0E3D535E-6380-406C-AAC3-074C1386B575}.Debug|Any CPU.Build.0 = Debug|Any CPU
		{0E3D535E-6380-406C-AAC3-074C1386B575}.Release|Any CPU.ActiveCfg = Release|Any CPU
		{0E3D535E-6380-406C-AAC3-074C1386B575}.Release|Any CPU.Build.0 = Release|Any CPU
	EndGlobalSection
	GlobalSection(SolutionProperties) = preSolution
		HideSolutionNode = FALSE
	EndGlobalSection
	GlobalSection(ExtensibilityGlobals) = postSolution
		SolutionGuid = {BAAF963F-A140-4066-A1E7-6D0D188D3750}
	EndGlobalSection
EndGlobal
